// !$*UTF8*$!
{
	archiveVersion = 1;
	classes = {
	};
	objectVersion = 55;
	objects = {

/* Begin PBXBuildFile section */
		458E4BAC28A3644500883145 /* Tests_iOS.swift in Sources */ = {isa = PBXBuildFile; fileRef = 458E4BAB28A3644500883145 /* Tests_iOS.swift */; };
		458E4BAE28A3644500883145 /* Tests_iOSLaunchTests.swift in Sources */ = {isa = PBXBuildFile; fileRef = 458E4BAD28A3644500883145 /* Tests_iOSLaunchTests.swift */; };
		458E4BB828A3644500883145 /* Tests_macOS.swift in Sources */ = {isa = PBXBuildFile; fileRef = 458E4BB728A3644500883145 /* Tests_macOS.swift */; };
		458E4BBA28A3644500883145 /* Tests_macOSLaunchTests.swift in Sources */ = {isa = PBXBuildFile; fileRef = 458E4BB928A3644500883145 /* Tests_macOSLaunchTests.swift */; };
		458E4BBB28A3644500883145 /* SampleCodeApp.swift in Sources */ = {isa = PBXBuildFile; fileRef = 458E4B9328A3644400883145 /* SampleCodeApp.swift */; };
		458E4BBC28A3644500883145 /* SampleCodeApp.swift in Sources */ = {isa = PBXBuildFile; fileRef = 458E4B9328A3644400883145 /* SampleCodeApp.swift */; };
		458E4BBD28A3644500883145 /* ContentView.swift in Sources */ = {isa = PBXBuildFile; fileRef = 458E4B9428A3644400883145 /* ContentView.swift */; };
		458E4BBE28A3644500883145 /* ContentView.swift in Sources */ = {isa = PBXBuildFile; fileRef = 458E4B9428A3644400883145 /* ContentView.swift */; };
		458E4BBF28A3644500883145 /* Assets.xcassets in Resources */ = {isa = PBXBuildFile; fileRef = 458E4B9528A3644500883145 /* Assets.xcassets */; };
		458E4BC028A3644500883145 /* Assets.xcassets in Resources */ = {isa = PBXBuildFile; fileRef = 458E4B9528A3644500883145 /* Assets.xcassets */; };
/* End PBXBuildFile section */

/* Begin PBXContainerItemProxy section */
		458E4BA828A3644500883145 /* PBXContainerItemProxy */ = {
			isa = PBXContainerItemProxy;
			containerPortal = 458E4B8E28A3644300883145 /* Project object */;
			proxyType = 1;
			remoteGlobalIDString = 458E4B9928A3644500883145;
			remoteInfo = "SampleCode (iOS)";
		};
		458E4BB428A3644500883145 /* PBXContainerItemProxy */ = {
			isa = PBXContainerItemProxy;
			containerPortal = 458E4B8E28A3644300883145 /* Project object */;
			proxyType = 1;
			remoteGlobalIDString = 458E4B9F28A3644500883145;
			remoteInfo = "SampleCode (macOS)";
		};
/* End PBXContainerItemProxy section */

/* Begin PBXFileReference section */
		458E4B9328A3644400883145 /* SampleCodeApp.swift */ = {isa = PBXFileReference; lastKnownFileType = sourcecode.swift; path = SampleCodeApp.swift; sourceTree = "<group>"; };
		458E4B9428A3644400883145 /* ContentView.swift */ = {isa = PBXFileReference; lastKnownFileType = sourcecode.swift; path = ContentView.swift; sourceTree = "<group>"; };
		458E4B9528A3644500883145 /* Assets.xcassets */ = {isa = PBXFileReference; lastKnownFileType = folder.assetcatalog; path = Assets.xcassets; sourceTree = "<group>"; };
		458E4B9A28A3644500883145 /* SampleCode.app */ = {isa = PBXFileReference; explicitFileType = wrapper.application; includeInIndex = 0; path = SampleCode.app; sourceTree = BUILT_PRODUCTS_DIR; };
		458E4BA028A3644500883145 /* SampleCode.app */ = {isa = PBXFileReference; explicitFileType = wrapper.application; includeInIndex = 0; path = SampleCode.app; sourceTree = BUILT_PRODUCTS_DIR; };
		458E4BA228A3644500883145 /* macOS.entitlements */ = {isa = PBXFileReference; lastKnownFileType = text.plist.entitlements; path = macOS.entitlements; sourceTree = "<group>"; };
		458E4BA728A3644500883145 /* Tests iOS.xctest */ = {isa = PBXFileReference; explicitFileType = wrapper.cfbundle; includeInIndex = 0; path = "Tests iOS.xctest"; sourceTree = BUILT_PRODUCTS_DIR; };
		458E4BAB28A3644500883145 /* Tests_iOS.swift */ = {isa = PBXFileReference; lastKnownFileType = sourcecode.swift; path = Tests_iOS.swift; sourceTree = "<group>"; };
		458E4BAD28A3644500883145 /* Tests_iOSLaunchTests.swift */ = {isa = PBXFileReference; lastKnownFileType = sourcecode.swift; path = Tests_iOSLaunchTests.swift; sourceTree = "<group>"; };
		458E4BB328A3644500883145 /* Tests macOS.xctest */ = {isa = PBXFileReference; explicitFileType = wrapper.cfbundle; includeInIndex = 0; path = "Tests macOS.xctest"; sourceTree = BUILT_PRODUCTS_DIR; };
		458E4BB728A3644500883145 /* Tests_macOS.swift */ = {isa = PBXFileReference; lastKnownFileType = sourcecode.swift; path = Tests_macOS.swift; sourceTree = "<group>"; };
		458E4BB928A3644500883145 /* Tests_macOSLaunchTests.swift */ = {isa = PBXFileReference; lastKnownFileType = sourcecode.swift; path = Tests_macOSLaunchTests.swift; sourceTree = "<group>"; };
/* End PBXFileReference section */

/* Begin PBXFrameworksBuildPhase section */
		458E4B9728A3644500883145 /* Frameworks */ = {
			isa = PBXFrameworksBuildPhase;
			buildActionMask = 2147483647;
			files = (
			);
			runOnlyForDeploymentPostprocessing = 0;
		};
		458E4B9D28A3644500883145 /* Frameworks */ = {
			isa = PBXFrameworksBuildPhase;
			buildActionMask = 2147483647;
			files = (
			);
			runOnlyForDeploymentPostprocessing = 0;
		};
		458E4BA428A3644500883145 /* Frameworks */ = {
			isa = PBXFrameworksBuildPhase;
			buildActionMask = 2147483647;
			files = (
			);
			runOnlyForDeploymentPostprocessing = 0;
		};
		458E4BB028A3644500883145 /* Frameworks */ = {
			isa = PBXFrameworksBuildPhase;
			buildActionMask = 2147483647;
			files = (
			);
			runOnlyForDeploymentPostprocessing = 0;
		};
/* End PBXFrameworksBuildPhase section */

/* Begin PBXGroup section */
		458E4B8D28A3644300883145 = {
			isa = PBXGroup;
			children = (
				458E4B9228A3644400883145 /* Shared */,
				458E4BA128A3644500883145 /* macOS */,
				458E4BAA28A3644500883145 /* Tests iOS */,
				458E4BB628A3644500883145 /* Tests macOS */,
				458E4B9B28A3644500883145 /* Products */,
			);
			sourceTree = "<group>";
		};
		458E4B9228A3644400883145 /* Shared */ = {
			isa = PBXGroup;
			children = (
				458E4B9328A3644400883145 /* SampleCodeApp.swift */,
				458E4B9428A3644400883145 /* ContentView.swift */,
				458E4B9528A3644500883145 /* Assets.xcassets */,
			);
			path = Shared;
			sourceTree = "<group>";
		};
		458E4B9B28A3644500883145 /* Products */ = {
			isa = PBXGroup;
			children = (
				458E4B9A28A3644500883145 /* SampleCode.app */,
				458E4BA028A3644500883145 /* SampleCode.app */,
				458E4BA728A3644500883145 /* Tests iOS.xctest */,
				458E4BB328A3644500883145 /* Tests macOS.xctest */,
			);
			name = Products;
			sourceTree = "<group>";
		};
		458E4BA128A3644500883145 /* macOS */ = {
			isa = PBXGroup;
			children = (
				458E4BA228A3644500883145 /* macOS.entitlements */,
			);
			path = macOS;
			sourceTree = "<group>";
		};
		458E4BAA28A3644500883145 /* Tests iOS */ = {
			isa = PBXGroup;
			children = (
				458E4BAB28A3644500883145 /* Tests_iOS.swift */,
				458E4BAD28A3644500883145 /* Tests_iOSLaunchTests.swift */,
			);
			path = "Tests iOS";
			sourceTree = "<group>";
		};
		458E4BB628A3644500883145 /* Tests macOS */ = {
			isa = PBXGroup;
			children = (
				458E4BB728A3644500883145 /* Tests_macOS.swift */,
				458E4BB928A3644500883145 /* Tests_macOSLaunchTests.swift */,
			);
			path = "Tests macOS";
			sourceTree = "<group>";
		};
/* End PBXGroup section */

/* Begin PBXNativeTarget section */
		458E4B9928A3644500883145 /* SampleCode (iOS) */ = {
			isa = PBXNativeTarget;
			buildConfigurationList = 458E4BC328A3644500883145 /* Build configuration list for PBXNativeTarget "SampleCode (iOS)" */;
			buildPhases = (
				458E4B9628A3644500883145 /* Sources */,
				458E4B9728A3644500883145 /* Frameworks */,
				458E4B9828A3644500883145 /* Resources */,
			);
			buildRules = (
			);
			dependencies = (
			);
			name = "SampleCode (iOS)";
			productName = "SampleCode (iOS)";
			productReference = 458E4B9A28A3644500883145 /* SampleCode.app */;
			productType = "com.apple.product-type.application";
		};
		458E4B9F28A3644500883145 /* SampleCode (macOS) */ = {
			isa = PBXNativeTarget;
			buildConfigurationList = 458E4BC628A3644500883145 /* Build configuration list for PBXNativeTarget "SampleCode (macOS)" */;
			buildPhases = (
				458E4B9C28A3644500883145 /* Sources */,
				458E4B9D28A3644500883145 /* Frameworks */,
				458E4B9E28A3644500883145 /* Resources */,
			);
			buildRules = (
			);
			dependencies = (
			);
			name = "SampleCode (macOS)";
			productName = "SampleCode (macOS)";
			productReference = 458E4BA028A3644500883145 /* SampleCode.app */;
			productType = "com.apple.product-type.application";
		};
		458E4BA628A3644500883145 /* Tests iOS */ = {
			isa = PBXNativeTarget;
			buildConfigurationList = 458E4BC928A3644500883145 /* Build configuration list for PBXNativeTarget "Tests iOS" */;
			buildPhases = (
				458E4BA328A3644500883145 /* Sources */,
				458E4BA428A3644500883145 /* Frameworks */,
				458E4BA528A3644500883145 /* Resources */,
			);
			buildRules = (
			);
			dependencies = (
				458E4BA928A3644500883145 /* PBXTargetDependency */,
			);
			name = "Tests iOS";
			productName = "Tests iOS";
			productReference = 458E4BA728A3644500883145 /* Tests iOS.xctest */;
			productType = "com.apple.product-type.bundle.ui-testing";
		};
		458E4BB228A3644500883145 /* Tests macOS */ = {
			isa = PBXNativeTarget;
			buildConfigurationList = 458E4BCC28A3644500883145 /* Build configuration list for PBXNativeTarget "Tests macOS" */;
			buildPhases = (
				458E4BAF28A3644500883145 /* Sources */,
				458E4BB028A3644500883145 /* Frameworks */,
				458E4BB128A3644500883145 /* Resources */,
			);
			buildRules = (
			);
			dependencies = (
				458E4BB528A3644500883145 /* PBXTargetDependency */,
			);
			name = "Tests macOS";
			productName = "Tests macOS";
			productReference = 458E4BB328A3644500883145 /* Tests macOS.xctest */;
			productType = "com.apple.product-type.bundle.ui-testing";
		};
/* End PBXNativeTarget section */

/* Begin PBXProject section */
		458E4B8E28A3644300883145 /* Project object */ = {
			isa = PBXProject;
			attributes = {
				BuildIndependentTargetsInParallel = 1;
				LastSwiftUpdateCheck = 1340;
				LastUpgradeCheck = 1340;
				TargetAttributes = {
					458E4B9928A3644500883145 = {
						CreatedOnToolsVersion = 13.4.1;
					};
					458E4B9F28A3644500883145 = {
						CreatedOnToolsVersion = 13.4.1;
					};
					458E4BA628A3644500883145 = {
						CreatedOnToolsVersion = 13.4.1;
						TestTargetID = 458E4B9928A3644500883145;
					};
					458E4BB228A3644500883145 = {
						CreatedOnToolsVersion = 13.4.1;
						TestTargetID = 458E4B9F28A3644500883145;
					};
				};
			};
			buildConfigurationList = 458E4B9128A3644300883145 /* Build configuration list for PBXProject "SampleCode" */;
			compatibilityVersion = "Xcode 13.0";
			developmentRegion = en;
			hasScannedForEncodings = 0;
			knownRegions = (
				en,
				Base,
			);
			mainGroup = 458E4B8D28A3644300883145;
			productRefGroup = 458E4B9B28A3644500883145 /* Products */;
			projectDirPath = "";
			projectRoot = "";
			targets = (
				458E4B9928A3644500883145 /* SampleCode (iOS) */,
				458E4B9F28A3644500883145 /* SampleCode (macOS) */,
				458E4BA628A3644500883145 /* Tests iOS */,
				458E4BB228A3644500883145 /* Tests macOS */,
			);
		};
/* End PBXProject section */

/* Begin PBXResourcesBuildPhase section */
		458E4B9828A3644500883145 /* Resources */ = {
			isa = PBXResourcesBuildPhase;
			buildActionMask = 2147483647;
			files = (
				458E4BBF28A3644500883145 /* Assets.xcassets in Resources */,
			);
			runOnlyForDeploymentPostprocessing = 0;
		};
		458E4B9E28A3644500883145 /* Resources */ = {
			isa = PBXResourcesBuildPhase;
			buildActionMask = 2147483647;
			files = (
				458E4BC028A3644500883145 /* Assets.xcassets in Resources */,
			);
			runOnlyForDeploymentPostprocessing = 0;
		};
		458E4BA528A3644500883145 /* Resources */ = {
			isa = PBXResourcesBuildPhase;
			buildActionMask = 2147483647;
			files = (
			);
			runOnlyForDeploymentPostprocessing = 0;
		};
		458E4BB128A3644500883145 /* Resources */ = {
			isa = PBXResourcesBuildPhase;
			buildActionMask = 2147483647;
			files = (
			);
			runOnlyForDeploymentPostprocessing = 0;
		};
/* End PBXResourcesBuildPhase section */

/* Begin PBXSourcesBuildPhase section */
		458E4B9628A3644500883145 /* Sources */ = {
			isa = PBXSourcesBuildPhase;
			buildActionMask = 2147483647;
			files = (
				458E4BBD28A3644500883145 /* ContentView.swift in Sources */,
				458E4BBB28A3644500883145 /* SampleCodeApp.swift in Sources */,
			);
			runOnlyForDeploymentPostprocessing = 0;
		};
		458E4B9C28A3644500883145 /* Sources */ = {
			isa = PBXSourcesBuildPhase;
			buildActionMask = 2147483647;
			files = (
				458E4BBE28A3644500883145 /* ContentView.swift in Sources */,
				458E4BBC28A3644500883145 /* SampleCodeApp.swift in Sources */,
			);
			runOnlyForDeploymentPostprocessing = 0;
		};
		458E4BA328A3644500883145 /* Sources */ = {
			isa = PBXSourcesBuildPhase;
			buildActionMask = 2147483647;
			files = (
				458E4BAE28A3644500883145 /* Tests_iOSLaunchTests.swift in Sources */,
				458E4BAC28A3644500883145 /* Tests_iOS.swift in Sources */,
			);
			runOnlyForDeploymentPostprocessing = 0;
		};
		458E4BAF28A3644500883145 /* Sources */ = {
			isa = PBXSourcesBuildPhase;
			buildActionMask = 2147483647;
			files = (
				458E4BBA28A3644500883145 /* Tests_macOSLaunchTests.swift in Sources */,
				458E4BB828A3644500883145 /* Tests_macOS.swift in Sources */,
			);
			runOnlyForDeploymentPostprocessing = 0;
		};
/* End PBXSourcesBuildPhase section */

/* Begin PBXTargetDependency section */
		458E4BA928A3644500883145 /* PBXTargetDependency */ = {
			isa = PBXTargetDependency;
			target = 458E4B9928A3644500883145 /* SampleCode (iOS) */;
			targetProxy = 458E4BA828A3644500883145 /* PBXContainerItemProxy */;
		};
		458E4BB528A3644500883145 /* PBXTargetDependency */ = {
			isa = PBXTargetDependency;
			target = 458E4B9F28A3644500883145 /* SampleCode (macOS) */;
			targetProxy = 458E4BB428A3644500883145 /* PBXContainerItemProxy */;
		};
/* End PBXTargetDependency section */

/* Begin XCBuildConfiguration section */
		458E4BC128A3644500883145 /* Debug */ = {
			isa = XCBuildConfiguration;
			buildSettings = {
				ALWAYS_SEARCH_USER_PATHS = NO;
				CLANG_ANALYZER_NONNULL = YES;
				CLANG_ANALYZER_NUMBER_OBJECT_CONVERSION = YES_AGGRESSIVE;
				CLANG_CXX_LANGUAGE_STANDARD = "gnu++17";
				CLANG_ENABLE_MODULES = YES;
				CLANG_ENABLE_OBJC_ARC = YES;
				CLANG_ENABLE_OBJC_WEAK = YES;
				CLANG_WARN_BLOCK_CAPTURE_AUTORELEASING = YES;
				CLANG_WARN_BOOL_CONVERSION = YES;
				CLANG_WARN_COMMA = YES;
				CLANG_WARN_CONSTANT_CONVERSION = YES;
				CLANG_WARN_DEPRECATED_OBJC_IMPLEMENTATIONS = YES;
				CLANG_WARN_DIRECT_OBJC_ISA_USAGE = YES_ERROR;
				CLANG_WARN_DOCUMENTATION_COMMENTS = YES;
				CLANG_WARN_EMPTY_BODY = YES;
				CLANG_WARN_ENUM_CONVERSION = YES;
				CLANG_WARN_INFINITE_RECURSION = YES;
				CLANG_WARN_INT_CONVERSION = YES;
				CLANG_WARN_NON_LITERAL_NULL_CONVERSION = YES;
				CLANG_WARN_OBJC_IMPLICIT_RETAIN_SELF = YES;
				CLANG_WARN_OBJC_LITERAL_CONVERSION = YES;
				CLANG_WARN_OBJC_ROOT_CLASS = YES_ERROR;
				CLANG_WARN_QUOTED_INCLUDE_IN_FRAMEWORK_HEADER = YES;
				CLANG_WARN_RANGE_LOOP_ANALYSIS = YES;
				CLANG_WARN_STRICT_PROTOTYPES = YES;
				CLANG_WARN_SUSPICIOUS_MOVE = YES;
				CLANG_WARN_UNGUARDED_AVAILABILITY = YES_AGGRESSIVE;
				CLANG_WARN_UNREACHABLE_CODE = YES;
				CLANG_WARN__DUPLICATE_METHOD_MATCH = YES;
				COPY_PHASE_STRIP = NO;
				DEBUG_INFORMATION_FORMAT = dwarf;
				ENABLE_STRICT_OBJC_MSGSEND = YES;
				ENABLE_TESTABILITY = YES;
				GCC_C_LANGUAGE_STANDARD = gnu11;
				GCC_DYNAMIC_NO_PIC = NO;
				GCC_NO_COMMON_BLOCKS = YES;
				GCC_OPTIMIZATION_LEVEL = 0;
				GCC_PREPROCESSOR_DEFINITIONS = (
					"DEBUG=1",
					"$(inherited)",
				);
				GCC_WARN_64_TO_32_BIT_CONVERSION = YES;
				GCC_WARN_ABOUT_RETURN_TYPE = YES_ERROR;
				GCC_WARN_UNDECLARED_SELECTOR = YES;
				GCC_WARN_UNINITIALIZED_AUTOS = YES_AGGRESSIVE;
				GCC_WARN_UNUSED_FUNCTION = YES;
				GCC_WARN_UNUSED_VARIABLE = YES;
				MTL_ENABLE_DEBUG_INFO = INCLUDE_SOURCE;
				MTL_FAST_MATH = YES;
				ONLY_ACTIVE_ARCH = YES;
				SWIFT_ACTIVE_COMPILATION_CONDITIONS = DEBUG;
				SWIFT_OPTIMIZATION_LEVEL = "-Onone";
			};
			name = Debug;
		};
		458E4BC228A3644500883145 /* Release */ = {
			isa = XCBuildConfiguration;
			buildSettings = {
				ALWAYS_SEARCH_USER_PATHS = NO;
				CLANG_ANALYZER_NONNULL = YES;
				CLANG_ANALYZER_NUMBER_OBJECT_CONVERSION = YES_AGGRESSIVE;
				CLANG_CXX_LANGUAGE_STANDARD = "gnu++17";
				CLANG_ENABLE_MODULES = YES;
				CLANG_ENABLE_OBJC_ARC = YES;
				CLANG_ENABLE_OBJC_WEAK = YES;
				CLANG_WARN_BLOCK_CAPTURE_AUTORELEASING = YES;
				CLANG_WARN_BOOL_CONVERSION = YES;
				CLANG_WARN_COMMA = YES;
				CLANG_WARN_CONSTANT_CONVERSION = YES;
				CLANG_WARN_DEPRECATED_OBJC_IMPLEMENTATIONS = YES;
				CLANG_WARN_DIRECT_OBJC_ISA_USAGE = YES_ERROR;
				CLANG_WARN_DOCUMENTATION_COMMENTS = YES;
				CLANG_WARN_EMPTY_BODY = YES;
				CLANG_WARN_ENUM_CONVERSION = YES;
				CLANG_WARN_INFINITE_RECURSION = YES;
				CLANG_WARN_INT_CONVERSION = YES;
				CLANG_WARN_NON_LITERAL_NULL_CONVERSION = YES;
				CLANG_WARN_OBJC_IMPLICIT_RETAIN_SELF = YES;
				CLANG_WARN_OBJC_LITERAL_CONVERSION = YES;
				CLANG_WARN_OBJC_ROOT_CLASS = YES_ERROR;
				CLANG_WARN_QUOTED_INCLUDE_IN_FRAMEWORK_HEADER = YES;
				CLANG_WARN_RANGE_LOOP_ANALYSIS = YES;
				CLANG_WARN_STRICT_PROTOTYPES = YES;
				CLANG_WARN_SUSPICIOUS_MOVE = YES;
				CLANG_WARN_UNGUARDED_AVAILABILITY = YES_AGGRESSIVE;
				CLANG_WARN_UNREACHABLE_CODE = YES;
				CLANG_WARN__DUPLICATE_METHOD_MATCH = YES;
				COPY_PHASE_STRIP = NO;
				DEBUG_INFORMATION_FORMAT = "dwarf-with-dsym";
				ENABLE_NS_ASSERTIONS = NO;
				ENABLE_STRICT_OBJC_MSGSEND = YES;
				GCC_C_LANGUAGE_STANDARD = gnu11;
				GCC_NO_COMMON_BLOCKS = YES;
				GCC_WARN_64_TO_32_BIT_CONVERSION = YES;
				GCC_WARN_ABOUT_RETURN_TYPE = YES_ERROR;
				GCC_WARN_UNDECLARED_SELECTOR = YES;
				GCC_WARN_UNINITIALIZED_AUTOS = YES_AGGRESSIVE;
				GCC_WARN_UNUSED_FUNCTION = YES;
				GCC_WARN_UNUSED_VARIABLE = YES;
				MTL_ENABLE_DEBUG_INFO = NO;
				MTL_FAST_MATH = YES;
				SWIFT_COMPILATION_MODE = wholemodule;
				SWIFT_OPTIMIZATION_LEVEL = "-O";
			};
			name = Release;
		};
		458E4BC428A3644500883145 /* Debug */ = {
			isa = XCBuildConfiguration;
			buildSettings = {
				ASSETCATALOG_COMPILER_APPICON_NAME = AppIcon;
				ASSETCATALOG_COMPILER_GLOBAL_ACCENT_COLOR_NAME = AccentColor;
				CODE_SIGN_STYLE = Automatic;
				CURRENT_PROJECT_VERSION = 1;
				ENABLE_PREVIEWS = YES;
				GENERATE_INFOPLIST_FILE = YES;
				INFOPLIST_KEY_UIApplicationSceneManifest_Generation = YES;
				INFOPLIST_KEY_UIApplicationSupportsIndirectInputEvents = YES;
				INFOPLIST_KEY_UILaunchScreen_Generation = YES;
				INFOPLIST_KEY_UISupportedInterfaceOrientations_iPad = "UIInterfaceOrientationPortrait UIInterfaceOrientationPortraitUpsideDown UIInterfaceOrientationLandscapeLeft UIInterfaceOrientationLandscapeRight";
				INFOPLIST_KEY_UISupportedInterfaceOrientations_iPhone = "UIInterfaceOrientationPortrait UIInterfaceOrientationLandscapeLeft UIInterfaceOrientationLandscapeRight";
				IPHONEOS_DEPLOYMENT_TARGET = 15.5;
				LD_RUNPATH_SEARCH_PATHS = (
					"$(inherited)",
					"@executable_path/Frameworks",
				);
				MARKETING_VERSION = 1.0;
				PRODUCT_BUNDLE_IDENTIFIER = com.SampleCode;
				PRODUCT_NAME = SampleCode;
				SDKROOT = iphoneos;
				SWIFT_EMIT_LOC_STRINGS = YES;
				SWIFT_VERSION = 5.0;
				TARGETED_DEVICE_FAMILY = "1,2";
			};
			name = Debug;
		};
		458E4BC528A3644500883145 /* Release */ = {
			isa = XCBuildConfiguration;
			buildSettings = {
				ASSETCATALOG_COMPILER_APPICON_NAME = AppIcon;
				ASSETCATALOG_COMPILER_GLOBAL_ACCENT_COLOR_NAME = AccentColor;
				CODE_SIGN_STYLE = Automatic;
				CURRENT_PROJECT_VERSION = 1;
				ENABLE_PREVIEWS = YES;
				GENERATE_INFOPLIST_FILE = YES;
				INFOPLIST_KEY_UIApplicationSceneManifest_Generation = YES;
				INFOPLIST_KEY_UIApplicationSupportsIndirectInputEvents = YES;
				INFOPLIST_KEY_UILaunchScreen_Generation = YES;
				INFOPLIST_KEY_UISupportedInterfaceOrientations_iPad = "UIInterfaceOrientationPortrait UIInterfaceOrientationPortraitUpsideDown UIInterfaceOrientationLandscapeLeft UIInterfaceOrientationLandscapeRight";
				INFOPLIST_KEY_UISupportedInterfaceOrientations_iPhone = "UIInterfaceOrientationPortrait UIInterfaceOrientationLandscapeLeft UIInterfaceOrientationLandscapeRight";
				IPHONEOS_DEPLOYMENT_TARGET = 15.5;
				LD_RUNPATH_SEARCH_PATHS = (
					"$(inherited)",
					"@executable_path/Frameworks",
				);
				MARKETING_VERSION = 1.0;
				PRODUCT_BUNDLE_IDENTIFIER = com.SampleCode;
				PRODUCT_NAME = SampleCode;
				SDKROOT = iphoneos;
				SWIFT_EMIT_LOC_STRINGS = YES;
				SWIFT_VERSION = 5.0;
				TARGETED_DEVICE_FAMILY = "1,2";
				VALIDATE_PRODUCT = YES;
			};
			name = Release;
		};
		458E4BC728A3644500883145 /* Debug */ = {
			isa = XCBuildConfiguration;
			buildSettings = {
				ASSETCATALOG_COMPILER_APPICON_NAME = AppIcon;
				ASSETCATALOG_COMPILER_GLOBAL_ACCENT_COLOR_NAME = AccentColor;
				CODE_SIGN_ENTITLEMENTS = macOS/macOS.entitlements;
				CODE_SIGN_STYLE = Automatic;
				COMBINE_HIDPI_IMAGES = YES;
				CURRENT_PROJECT_VERSION = 1;
				ENABLE_PREVIEWS = YES;
				GENERATE_INFOPLIST_FILE = YES;
				INFOPLIST_KEY_NSHumanReadableCopyright = "";
				LD_RUNPATH_SEARCH_PATHS = (
					"$(inherited)",
					"@executable_path/../Frameworks",
				);
				MACOSX_DEPLOYMENT_TARGET = 12.3;
				MARKETING_VERSION = 1.0;
				PRODUCT_BUNDLE_IDENTIFIER = com.SampleCode;
				PRODUCT_NAME = SampleCode;
				SDKROOT = macosx;
				SWIFT_EMIT_LOC_STRINGS = YES;
				SWIFT_VERSION = 5.0;
			};
			name = Debug;
		};
		458E4BC828A3644500883145 /* Release */ = {
			isa = XCBuildConfiguration;
			buildSettings = {
				ASSETCATALOG_COMPILER_APPICON_NAME = AppIcon;
				ASSETCATALOG_COMPILER_GLOBAL_ACCENT_COLOR_NAME = AccentColor;
				CODE_SIGN_ENTITLEMENTS = macOS/macOS.entitlements;
				CODE_SIGN_STYLE = Automatic;
				COMBINE_HIDPI_IMAGES = YES;
				CURRENT_PROJECT_VERSION = 1;
				ENABLE_PREVIEWS = YES;
				GENERATE_INFOPLIST_FILE = YES;
				INFOPLIST_KEY_NSHumanReadableCopyright = "";
				LD_RUNPATH_SEARCH_PATHS = (
					"$(inherited)",
					"@executable_path/../Frameworks",
				);
				MACOSX_DEPLOYMENT_TARGET = 12.3;
				MARKETING_VERSION = 1.0;
				PRODUCT_BUNDLE_IDENTIFIER = com.SampleCode;
				PRODUCT_NAME = SampleCode;
				SDKROOT = macosx;
				SWIFT_EMIT_LOC_STRINGS = YES;
				SWIFT_VERSION = 5.0;
			};
			name = Release;
		};
		458E4BCA28A3644500883145 /* Debug */ = {
			isa = XCBuildConfiguration;
			buildSettings = {
				ALWAYS_EMBED_SWIFT_STANDARD_LIBRARIES = YES;
				CODE_SIGN_STYLE = Automatic;
				CURRENT_PROJECT_VERSION = 1;
				GENERATE_INFOPLIST_FILE = YES;
				IPHONEOS_DEPLOYMENT_TARGET = 15.5;
				MARKETING_VERSION = 1.0;
				PRODUCT_BUNDLE_IDENTIFIER = "com.Tests-iOS";
				PRODUCT_NAME = "$(TARGET_NAME)";
				SDKROOT = iphoneos;
				SWIFT_EMIT_LOC_STRINGS = NO;
				SWIFT_VERSION = 5.0;
				TARGETED_DEVICE_FAMILY = "1,2";
				TEST_TARGET_NAME = "SampleCode (iOS)";
			};
			name = Debug;
		};
		458E4BCB28A3644500883145 /* Release */ = {
			isa = XCBuildConfiguration;
			buildSettings = {
				ALWAYS_EMBED_SWIFT_STANDARD_LIBRARIES = YES;
				CODE_SIGN_STYLE = Automatic;
				CURRENT_PROJECT_VERSION = 1;
				GENERATE_INFOPLIST_FILE = YES;
				IPHONEOS_DEPLOYMENT_TARGET = 15.5;
				MARKETING_VERSION = 1.0;
				PRODUCT_BUNDLE_IDENTIFIER = "com.Tests-iOS";
				PRODUCT_NAME = "$(TARGET_NAME)";
				SDKROOT = iphoneos;
				SWIFT_EMIT_LOC_STRINGS = NO;
				SWIFT_VERSION = 5.0;
				TARGETED_DEVICE_FAMILY = "1,2";
				TEST_TARGET_NAME = "SampleCode (iOS)";
				VALIDATE_PRODUCT = YES;
			};
			name = Release;
		};
		458E4BCD28A3644500883145 /* Debug */ = {
			isa = XCBuildConfiguration;
			buildSettings = {
				ALWAYS_EMBED_SWIFT_STANDARD_LIBRARIES = YES;
				CODE_SIGN_STYLE = Automatic;
				CURRENT_PROJECT_VERSION = 1;
				GENERATE_INFOPLIST_FILE = YES;
				MACOSX_DEPLOYMENT_TARGET = 12.3;
				MARKETING_VERSION = 1.0;
				PRODUCT_BUNDLE_IDENTIFIER = "com.Tests-macOS";
				PRODUCT_NAME = "$(TARGET_NAME)";
				SDKROOT = macosx;
				SWIFT_EMIT_LOC_STRINGS = NO;
				SWIFT_VERSION = 5.0;
				TEST_TARGET_NAME = "SampleCode (macOS)";
			};
			name = Debug;
		};
		458E4BCE28A3644500883145 /* Release */ = {
			isa = XCBuildConfiguration;
			buildSettings = {
				ALWAYS_EMBED_SWIFT_STANDARD_LIBRARIES = YES;
				CODE_SIGN_STYLE = Automatic;
				CURRENT_PROJECT_VERSION = 1;
				GENERATE_INFOPLIST_FILE = YES;
				MACOSX_DEPLOYMENT_TARGET = 12.3;
				MARKETING_VERSION = 1.0;
				PRODUCT_BUNDLE_IDENTIFIER = "com.Tests-macOS";
				PRODUCT_NAME = "$(TARGET_NAME)";
				SDKROOT = macosx;
				SWIFT_EMIT_LOC_STRINGS = NO;
				SWIFT_VERSION = 5.0;
				TEST_TARGET_NAME = "SampleCode (macOS)";
			};
			name = Release;
		};
/* End XCBuildConfiguration section */

/* Begin XCConfigurationList section */
		458E4B9128A3644300883145 /* Build configuration list for PBXProject "SampleCode" */ = {
			isa = XCConfigurationList;
			buildConfigurations = (
				458E4BC128A3644500883145 /* Debug */,
				458E4BC228A3644500883145 /* Release */,
			);
			defaultConfigurationIsVisible = 0;
			defaultConfigurationName = Release;
		};
		458E4BC328A3644500883145 /* Build configuration list for PBXNativeTarget "SampleCode (iOS)" */ = {
			isa = XCConfigurationList;
			buildConfigurations = (
				458E4BC428A3644500883145 /* Debug */,
				458E4BC528A3644500883145 /* Release */,
			);
			defaultConfigurationIsVisible = 0;
			defaultConfigurationName = Release;
		};
		458E4BC628A3644500883145 /* Build configuration list for PBXNativeTarget "SampleCode (macOS)" */ = {
			isa = XCConfigurationList;
			buildConfigurations = (
				458E4BC728A3644500883145 /* Debug */,
				458E4BC828A3644500883145 /* Release */,
			);
			defaultConfigurationIsVisible = 0;
			defaultConfigurationName = Release;
		};
		458E4BC928A3644500883145 /* Build configuration list for PBXNativeTarget "Tests iOS" */ = {
			isa = XCConfigurationList;
			buildConfigurations = (
				458E4BCA28A3644500883145 /* Debug */,
				458E4BCB28A3644500883145 /* Release */,
			);
			defaultConfigurationIsVisible = 0;
			defaultConfigurationName = Release;
		};
		458E4BCC28A3644500883145 /* Build configuration list for PBXNativeTarget "Tests macOS" */ = {
			isa = XCConfigurationList;
			buildConfigurations = (
				458E4BCD28A3644500883145 /* Debug */,
				458E4BCE28A3644500883145 /* Release */,
			);
			defaultConfigurationIsVisible = 0;
			defaultConfigurationName = Release;
		};
/* End XCConfigurationList section */
	};
	rootObject = 458E4B8E28A3644300883145 /* Project object */;
}
